
Microsoft Visual Studio Solution File, Format Version 12.00
# Visual Studio Version 17
VisualStudioVersion = 17.10.35122.118
MinimumVisualStudioVersion = 10.0.40219.1
Project("{8BC9CEB8-8B4A-11D0-8D11-00A0C91BC942}") = "bubble_solt_exam", "bubble_solt_exam.vcxproj", "{B9DDB375-13F7-42CA-A5B6-C5DDE8B0DBC4}"
EndProject
Global
	GlobalSection(SolutionConfigurationPlatforms) = preSolution
		Debug|x64 = Debug|x64
		Debug|x86 = Debug|x86
		Release|x64 = Release|x64
		Release|x86 = Release|x86
	EndGlobalSection
	GlobalSection(ProjectConfigurationPlatforms) = postSolution
		{B9DDB375-13F7-42CA-A5B6-C5DDE8B0DBC4}.Debug|x64.ActiveCfg = Debug|x64
		{B9DDB375-13F7-42CA-A5B6-C5DDE8B0DBC4}.Debug|x64.Build.0 = Debug|x64
		{B9DDB375-13F7-42CA-A5B6-C5DDE8B0DBC4}.Debug|x86.ActiveCfg = Debug|Win32
		{B9DDB375-13F7-42CA-A5B6-C5DDE8B0DBC4}.Debug|x86.Build.0 = Debug|Win32
		{B9DDB375-13F7-42CA-A5B6-C5DDE8B0DBC4}.Release|x64.ActiveCfg = Release|x64
		{B9DDB375-13F7-42CA-A5B6-C5DDE8B0DBC4}.Release|x64.Build.0 = Release|x64
		{B9DDB375-13F7-42CA-A5B6-C5DDE8B0DBC4}.Release|x86.ActiveCfg = Release|Win32
		{B9DDB375-13F7-42CA-A5B6-C5DDE8B0DBC4}.Release|x86.Build.0 = Release|Win32
	EndGlobalSection
	GlobalSection(SolutionProperties) = preSolution
		HideSolutionNode = FALSE
	EndGlobalSection
	GlobalSection(ExtensibilityGlobals) = postSolution
		SolutionGuid = {CC7910AD-B80F-4CB8-9F88-CCACBABC5C45}
	EndGlobalSection
EndGlobal
