
Microsoft Visual Studio Solution File, Format Version 12.00
# Visual Studio Version 17
VisualStudioVersion = 17.10.35122.118
MinimumVisualStudioVersion = 10.0.40219.1
Project("{8BC9CEB8-8B4A-11D0-8D11-00A0C91BC942}") = "struct", "struct.vcxproj", "{51C193FC-C21D-409E-9817-725F43D6DBDA}"
EndProject
Global
	GlobalSection(SolutionConfigurationPlatforms) = preSolution
		Debug|x64 = Debug|x64
		Debug|x86 = Debug|x86
		Release|x64 = Release|x64
		Release|x86 = Release|x86
	EndGlobalSection
	GlobalSection(ProjectConfigurationPlatforms) = postSolution
		{51C193FC-C21D-409E-9817-725F43D6DBDA}.Debug|x64.ActiveCfg = Debug|x64
		{51C193FC-C21D-409E-9817-725F43D6DBDA}.Debug|x64.Build.0 = Debug|x64
		{51C193FC-C21D-409E-9817-725F43D6DBDA}.Debug|x86.ActiveCfg = Debug|Win32
		{51C193FC-C21D-409E-9817-725F43D6DBDA}.Debug|x86.Build.0 = Debug|Win32
		{51C193FC-C21D-409E-9817-725F43D6DBDA}.Release|x64.ActiveCfg = Release|x64
		{51C193FC-C21D-409E-9817-725F43D6DBDA}.Release|x64.Build.0 = Release|x64
		{51C193FC-C21D-409E-9817-725F43D6DBDA}.Release|x86.ActiveCfg = Release|Win32
		{51C193FC-C21D-409E-9817-725F43D6DBDA}.Release|x86.Build.0 = Release|Win32
	EndGlobalSection
	GlobalSection(SolutionProperties) = preSolution
		HideSolutionNode = FALSE
	EndGlobalSection
	GlobalSection(ExtensibilityGlobals) = postSolution
		SolutionGuid = {294074A7-7E86-44E4-8408-8746AC9BB18C}
	EndGlobalSection
EndGlobal
